
Microsoft Visual Studio Solution File, Format Version 12.00
# Visual Studio Version 17
VisualStudioVersion = 17.6.33717.318
MinimumVisualStudioVersion = 10.0.40219.1
Project("{FAE04EC0-301F-11D3-BF4B-00C04F79EFBC}") = "RealEstateAuction", "RealEstateAuction.csproj", "{033F9D0C-2460-480B-8B09-92FB905862BB}"
EndProject
Global
	GlobalSection(SolutionConfigurationPlatforms) = preSolution
		Debug|Any CPU = Debug|Any CPU
		Release|Any CPU = Release|Any CPU
	EndGlobalSection
	GlobalSection(ProjectConfigurationPlatforms) = postSolution
		{033F9D0C-2460-480B-8B09-92FB905862BB}.Debug|Any CPU.ActiveCfg = Debug|Any CPU
		{033F9D0C-2460-480B-8B09-92FB905862BB}.Debug|Any CPU.Build.0 = Debug|Any CPU
		{033F9D0C-2460-480B-8B09-92FB905862BB}.Release|Any CPU.ActiveCfg = Release|Any CPU
		{033F9D0C-2460-480B-8B09-92FB905862BB}.Release|Any CPU.Build.0 = Release|Any CPU
	EndGlobalSection
	GlobalSection(SolutionProperties) = preSolution
		HideSolutionNode = FALSE
	EndGlobalSection
	GlobalSection(ExtensibilityGlobals) = postSolution
		SolutionGuid = {B14441D7-0F5F-45E0-A8D6-0BC1F4841A0C}
	EndGlobalSection
EndGlobal
